
Microsoft Visual Studio Solution File, Format Version 12.00
# Visual Studio Version 16
VisualStudioVersion = 16.0.30503.244
MinimumVisualStudioVersion = 10.0.40219.1
Project("{FAE04EC0-301F-11D3-BF4B-00C04F79EFBC}") = "DKB.GettterSetter.Benchmark", "DKB.GettterSetter.Benchmark\DKB.GettterSetter.Benchmark.csproj", "{A017250E-50AA-401B-8666-2B4B8B3A577C}"
EndProject
Global
	GlobalSection(SolutionConfigurationPlatforms) = preSolution
		Debug|Any CPU = Debug|Any CPU
		Release|Any CPU = Release|Any CPU
	EndGlobalSection
	GlobalSection(ProjectConfigurationPlatforms) = postSolution
		{A017250E-50AA-401B-8666-2B4B8B3A577C}.Debug|Any CPU.ActiveCfg = Debug|Any CPU
		{A017250E-50AA-401B-8666-2B4B8B3A577C}.Debug|Any CPU.Build.0 = Debug|Any CPU
		{A017250E-50AA-401B-8666-2B4B8B3A577C}.Release|Any CPU.ActiveCfg = Release|Any CPU
		{A017250E-50AA-401B-8666-2B4B8B3A577C}.Release|Any CPU.Build.0 = Release|Any CPU
	EndGlobalSection
	GlobalSection(SolutionProperties) = preSolution
		HideSolutionNode = FALSE
	EndGlobalSection
	GlobalSection(ExtensibilityGlobals) = postSolution
		SolutionGuid = {FD39C394-06CF-4262-936F-BCE2F5C6F737}
	EndGlobalSection
EndGlobal
